
Microsoft Visual Studio Solution File, Format Version 12.00
# Visual Studio Version 17
VisualStudioVersion = 17.1.32210.238
MinimumVisualStudioVersion = 10.0.40219.1
Project("{FAE04EC0-301F-11D3-BF4B-00C04F79EFBC}") = "Singleton", "Singleton\Singleton.csproj", "{682F09FF-2D93-4D13-96E4-176C8277ABF4}"
EndProject
Project("{FAE04EC0-301F-11D3-BF4B-00C04F79EFBC}") = "Abstract Factory", "Abstract Factory\Abstract Factory.csproj", "{C03ADDB4-9E46-4F6A-8A33-473592029FFC}"
EndProject
Project("{FAE04EC0-301F-11D3-BF4B-00C04F79EFBC}") = "Composite Pattern", "Composite Pattern\Composite Pattern.csproj", "{DA801238-E05F-40DF-B7A3-F6CB868C66D5}"
EndProject
Project("{FAE04EC0-301F-11D3-BF4B-00C04F79EFBC}") = "Memento Pattern", "Memento Pattern\Memento Pattern.csproj", "{BC6DD128-D617-4DBF-8979-1658BAA622E9}"
EndProject
Project("{FAE04EC0-301F-11D3-BF4B-00C04F79EFBC}") = "State Pattern", "State Pattern\State Pattern.csproj", "{7D633C4F-7AA3-4A15-8877-D76D09C5BB64}"
EndProject
Project("{FAE04EC0-301F-11D3-BF4B-00C04F79EFBC}") = "Iterator Pattern", "Iterator Pattern\Iterator Pattern.csproj", "{25A03C01-A6B8-44FC-8600-CD049B41EDFA}"
EndProject
Project("{FAE04EC0-301F-11D3-BF4B-00C04F79EFBC}") = "Strategy Pattern", "Strategy Pattern\Strategy Pattern.csproj", "{573527C3-C29E-447E-A95D-EC1AB90D7B16}"
EndProject
Project("{9A19103F-16F7-4668-BE54-9A1E7A4F7556}") = "Decorator Pattern", "Decorator Pattern\Decorator Pattern.csproj", "{44BC1E37-A3AB-4B7E-A01E-96B4372FFA7D}"
EndProject
Project("{9A19103F-16F7-4668-BE54-9A1E7A4F7556}") = "Facade Pattern", "Facade Pattern\Facade Pattern.csproj", "{1BF44075-1BFF-4A70-979D-5CF083E8E5E2}"
EndProject
Project("{9A19103F-16F7-4668-BE54-9A1E7A4F7556}") = "Builder Pattern", "Builder Pattern\Builder Pattern.csproj", "{F46814B0-D9BB-43C4-8A07-C4FF77E21EC2}"
EndProject
Project("{FAE04EC0-301F-11D3-BF4B-00C04F79EFBC}") = "Observer Pattern", "Observer Pattern\Observer Pattern.csproj", "{671D66C6-964B-4E68-A65D-912077702C14}"
EndProject
Global
	GlobalSection(SolutionConfigurationPlatforms) = preSolution
		Debug|Any CPU = Debug|Any CPU
		Release|Any CPU = Release|Any CPU
	EndGlobalSection
	GlobalSection(ProjectConfigurationPlatforms) = postSolution
		{682F09FF-2D93-4D13-96E4-176C8277ABF4}.Debug|Any CPU.ActiveCfg = Debug|Any CPU
		{682F09FF-2D93-4D13-96E4-176C8277ABF4}.Debug|Any CPU.Build.0 = Debug|Any CPU
		{682F09FF-2D93-4D13-96E4-176C8277ABF4}.Release|Any CPU.ActiveCfg = Release|Any CPU
		{682F09FF-2D93-4D13-96E4-176C8277ABF4}.Release|Any CPU.Build.0 = Release|Any CPU
		{C03ADDB4-9E46-4F6A-8A33-473592029FFC}.Debug|Any CPU.ActiveCfg = Debug|Any CPU
		{C03ADDB4-9E46-4F6A-8A33-473592029FFC}.Debug|Any CPU.Build.0 = Debug|Any CPU
		{C03ADDB4-9E46-4F6A-8A33-473592029FFC}.Release|Any CPU.ActiveCfg = Release|Any CPU
		{C03ADDB4-9E46-4F6A-8A33-473592029FFC}.Release|Any CPU.Build.0 = Release|Any CPU
		{DA801238-E05F-40DF-B7A3-F6CB868C66D5}.Debug|Any CPU.ActiveCfg = Debug|Any CPU
		{DA801238-E05F-40DF-B7A3-F6CB868C66D5}.Debug|Any CPU.Build.0 = Debug|Any CPU
		{DA801238-E05F-40DF-B7A3-F6CB868C66D5}.Release|Any CPU.ActiveCfg = Release|Any CPU
		{DA801238-E05F-40DF-B7A3-F6CB868C66D5}.Release|Any CPU.Build.0 = Release|Any CPU
		{BC6DD128-D617-4DBF-8979-1658BAA622E9}.Debug|Any CPU.ActiveCfg = Debug|Any CPU
		{BC6DD128-D617-4DBF-8979-1658BAA622E9}.Debug|Any CPU.Build.0 = Debug|Any CPU
		{BC6DD128-D617-4DBF-8979-1658BAA622E9}.Release|Any CPU.ActiveCfg = Release|Any CPU
		{BC6DD128-D617-4DBF-8979-1658BAA622E9}.Release|Any CPU.Build.0 = Release|Any CPU
		{7D633C4F-7AA3-4A15-8877-D76D09C5BB64}.Debug|Any CPU.ActiveCfg = Debug|Any CPU
		{7D633C4F-7AA3-4A15-8877-D76D09C5BB64}.Debug|Any CPU.Build.0 = Debug|Any CPU
		{7D633C4F-7AA3-4A15-8877-D76D09C5BB64}.Release|Any CPU.ActiveCfg = Release|Any CPU
		{7D633C4F-7AA3-4A15-8877-D76D09C5BB64}.Release|Any CPU.Build.0 = Release|Any CPU
		{25A03C01-A6B8-44FC-8600-CD049B41EDFA}.Debug|Any CPU.ActiveCfg = Debug|Any CPU
		{25A03C01-A6B8-44FC-8600-CD049B41EDFA}.Debug|Any CPU.Build.0 = Debug|Any CPU
		{25A03C01-A6B8-44FC-8600-CD049B41EDFA}.Release|Any CPU.ActiveCfg = Release|Any CPU
		{25A03C01-A6B8-44FC-8600-CD049B41EDFA}.Release|Any CPU.Build.0 = Release|Any CPU
		{573527C3-C29E-447E-A95D-EC1AB90D7B16}.Debug|Any CPU.ActiveCfg = Debug|Any CPU
		{573527C3-C29E-447E-A95D-EC1AB90D7B16}.Debug|Any CPU.Build.0 = Debug|Any CPU
		{573527C3-C29E-447E-A95D-EC1AB90D7B16}.Release|Any CPU.ActiveCfg = Release|Any CPU
		{573527C3-C29E-447E-A95D-EC1AB90D7B16}.Release|Any CPU.Build.0 = Release|Any CPU
		{44BC1E37-A3AB-4B7E-A01E-96B4372FFA7D}.Debug|Any CPU.ActiveCfg = Debug|Any CPU
		{44BC1E37-A3AB-4B7E-A01E-96B4372FFA7D}.Debug|Any CPU.Build.0 = Debug|Any CPU
		{44BC1E37-A3AB-4B7E-A01E-96B4372FFA7D}.Release|Any CPU.ActiveCfg = Release|Any CPU
		{44BC1E37-A3AB-4B7E-A01E-96B4372FFA7D}.Release|Any CPU.Build.0 = Release|Any CPU
		{1BF44075-1BFF-4A70-979D-5CF083E8E5E2}.Debug|Any CPU.ActiveCfg = Debug|Any CPU
		{1BF44075-1BFF-4A70-979D-5CF083E8E5E2}.Debug|Any CPU.Build.0 = Debug|Any CPU
		{1BF44075-1BFF-4A70-979D-5CF083E8E5E2}.Release|Any CPU.ActiveCfg = Release|Any CPU
		{1BF44075-1BFF-4A70-979D-5CF083E8E5E2}.Release|Any CPU.Build.0 = Release|Any CPU
		{F46814B0-D9BB-43C4-8A07-C4FF77E21EC2}.Debug|Any CPU.ActiveCfg = Debug|Any CPU
		{F46814B0-D9BB-43C4-8A07-C4FF77E21EC2}.Debug|Any CPU.Build.0 = Debug|Any CPU
		{F46814B0-D9BB-43C4-8A07-C4FF77E21EC2}.Release|Any CPU.ActiveCfg = Release|Any CPU
		{F46814B0-D9BB-43C4-8A07-C4FF77E21EC2}.Release|Any CPU.Build.0 = Release|Any CPU
		{671D66C6-964B-4E68-A65D-912077702C14}.Debug|Any CPU.ActiveCfg = Debug|Any CPU
		{671D66C6-964B-4E68-A65D-912077702C14}.Debug|Any CPU.Build.0 = Debug|Any CPU
		{671D66C6-964B-4E68-A65D-912077702C14}.Release|Any CPU.ActiveCfg = Release|Any CPU
		{671D66C6-964B-4E68-A65D-912077702C14}.Release|Any CPU.Build.0 = Release|Any CPU
	EndGlobalSection
	GlobalSection(SolutionProperties) = preSolution
		HideSolutionNode = FALSE
	EndGlobalSection
	GlobalSection(ExtensibilityGlobals) = postSolution
		SolutionGuid = {AA38B29F-AE15-4CB4-B12B-FCEA2CAE2B70}
	EndGlobalSection
EndGlobal
